
Microsoft Visual Studio Solution File, Format Version 12.00
# Visual Studio 15
Project("{FAE04EC0-301F-11D3-BF4B-00C04F79EFBC}") = "UnityEngine.UI", "UnityEngine.UI.csproj", "{9010658C-679A-1FB9-F837-25B56D160770}"
EndProject
Project("{FAE04EC0-301F-11D3-BF4B-00C04F79EFBC}") = "Unity.RenderPipelines.Core.Runtime", "Unity.RenderPipelines.Core.Runtime.csproj", "{32E46A80-95D9-591F-CAB8-559AFCA3F08D}"
EndProject
Project("{FAE04EC0-301F-11D3-BF4B-00C04F79EFBC}") = "UnityEngine.TestRunner", "UnityEngine.TestRunner.csproj", "{B1887B2A-9E4A-40C7-ED1C-D7748538E8E9}"
EndProject
Project("{FAE04EC0-301F-11D3-BF4B-00C04F79EFBC}") = "Unity.VisualScripting.Flow", "Unity.VisualScripting.Flow.csproj", "{B51349D0-6A42-70D7-08AC-F7D60584EDD8}"
EndProject
Project("{FAE04EC0-301F-11D3-BF4B-00C04F79EFBC}") = "Unity.Mathematics", "Unity.Mathematics.csproj", "{38CD5874-5809-CCC4-B8BB-1E19AB2ABE6C}"
EndProject
Project("{FAE04EC0-301F-11D3-BF4B-00C04F79EFBC}") = "Unity.Services.Core.Telemetry", "Unity.Services.Core.Telemetry.csproj", "{018681FC-3926-5E12-DF87-165B8EBC361B}"
EndProject
Project("{FAE04EC0-301F-11D3-BF4B-00C04F79EFBC}") = "Unity.InputSystem", "Unity.InputSystem.csproj", "{B8A97644-6C74-7E2B-B701-AB44CF0DD01A}"
EndProject
Project("{FAE04EC0-301F-11D3-BF4B-00C04F79EFBC}") = "Unity.VisualScripting.State", "Unity.VisualScripting.State.csproj", "{AEE8F85B-FD28-1517-E43D-AB1F7FCB1581}"
EndProject
Project("{FAE04EC0-301F-11D3-BF4B-00C04F79EFBC}") = "Unity.VisualScripting.Core", "Unity.VisualScripting.Core.csproj", "{EE80BE6D-EE26-78E4-484E-BCCD69786647}"
EndProject
Project("{FAE04EC0-301F-11D3-BF4B-00C04F79EFBC}") = "Unity.RenderPipelines.Universal.Runtime", "Unity.RenderPipelines.Universal.Runtime.csproj", "{8FBE9625-3DC2-ED44-EDD1-060A4403060E}"
EndProject
Project("{FAE04EC0-301F-11D3-BF4B-00C04F79EFBC}") = "Unity.Services.Core.Environments.Internal", "Unity.Services.Core.Environments.Internal.csproj", "{AD54B5FD-E677-64E0-68B3-0A3DE70A3BE4}"
EndProject
Project("{FAE04EC0-301F-11D3-BF4B-00C04F79EFBC}") = "Unity.Burst", "Unity.Burst.csproj", "{8FFF08DD-831E-BB80-A366-70A5C3093FE6}"
EndProject
Project("{FAE04EC0-301F-11D3-BF4B-00C04F79EFBC}") = "Unity.TextMeshPro", "Unity.TextMeshPro.csproj", "{C0A3EC03-5904-CC1B-0C20-F3734875ACD3}"
EndProject
Project("{FAE04EC0-301F-11D3-BF4B-00C04F79EFBC}") = "Cinemachine", "Cinemachine.csproj", "{F69153E8-3799-1C89-ABF3-2CFCC2EE5428}"
EndProject
Project("{FAE04EC0-301F-11D3-BF4B-00C04F79EFBC}") = "Unity.Timeline", "Unity.Timeline.csproj", "{472CE523-90A9-CCB9-EA89-04D4B313530B}"
EndProject
Project("{FAE04EC0-301F-11D3-BF4B-00C04F79EFBC}") = "Unity.RenderPipeline.Universal.ShaderLibrary", "Unity.RenderPipeline.Universal.ShaderLibrary.csproj", "{65559176-FE40-9D50-D1A3-6607CBA38485}"
EndProject
Project("{FAE04EC0-301F-11D3-BF4B-00C04F79EFBC}") = "Unity.Services.Core.Environments", "Unity.Services.Core.Environments.csproj", "{0A828D79-5891-4CE0-D6F0-02E13B3FCF89}"
EndProject
Project("{FAE04EC0-301F-11D3-BF4B-00C04F79EFBC}") = "Unity.Services.Core.Internal", "Unity.Services.Core.Internal.csproj", "{1014D82B-ADE8-AC8B-34E5-F93F0C099861}"
EndProject
Project("{FAE04EC0-301F-11D3-BF4B-00C04F79EFBC}") = "Unity.Services.Core.Analytics", "Unity.Services.Core.Analytics.csproj", "{254CE1D7-D335-8044-ED48-8E795022C13D}"
EndProject
Project("{FAE04EC0-301F-11D3-BF4B-00C04F79EFBC}") = "Unity.Services.Core.Scheduler", "Unity.Services.Core.Scheduler.csproj", "{3DA2D0A2-DD31-CCF1-0416-7BEE93D450BF}"
EndProject
Project("{FAE04EC0-301F-11D3-BF4B-00C04F79EFBC}") = "Unity.Services.Core.Registration", "Unity.Services.Core.Registration.csproj", "{F0FC2A0A-F7C4-9067-5D98-F382F732E8C5}"
EndProject
Project("{FAE04EC0-301F-11D3-BF4B-00C04F79EFBC}") = "Unity.Services.Core.Device", "Unity.Services.Core.Device.csproj", "{FE2CB0EF-D3D8-992B-402C-CAD7440E9EA3}"
EndProject
Project("{FAE04EC0-301F-11D3-BF4B-00C04F79EFBC}") = "Unity.Services.Core.Threading", "Unity.Services.Core.Threading.csproj", "{078583B5-3CF7-E7E8-7F27-E747CEC3A9AB}"
EndProject
Project("{FAE04EC0-301F-11D3-BF4B-00C04F79EFBC}") = "Assembly-CSharp", "Assembly-CSharp.csproj", "{9F68CF24-52EC-681D-E67C-04045CC581A4}"
EndProject
Project("{FAE04EC0-301F-11D3-BF4B-00C04F79EFBC}") = "Unity.Services.Core.Networking", "Unity.Services.Core.Networking.csproj", "{F92F79AD-DC9F-A3A0-290A-170819113C46}"
EndProject
Project("{FAE04EC0-301F-11D3-BF4B-00C04F79EFBC}") = "Unity.Services.Core", "Unity.Services.Core.csproj", "{EF2A8CC2-B3D6-61D4-9E70-E6FA73CA401E}"
EndProject
Project("{FAE04EC0-301F-11D3-BF4B-00C04F79EFBC}") = "Unity.RenderPipelines.Core.ShaderLibrary", "Unity.RenderPipelines.Core.ShaderLibrary.csproj", "{29189A48-E6AE-AD37-C2CC-F71FF7DE6580}"
EndProject
Project("{FAE04EC0-301F-11D3-BF4B-00C04F79EFBC}") = "Unity.Services.Core.Configuration", "Unity.Services.Core.Configuration.csproj", "{3F609121-C7B6-2724-4496-D8D979399C5E}"
EndProject
Project("{FAE04EC0-301F-11D3-BF4B-00C04F79EFBC}") = "Unity.RenderPipelines.Universal.Shaders", "Unity.RenderPipelines.Universal.Shaders.csproj", "{76F69AB3-7608-EE6A-3121-DE72458E2CF3}"
EndProject
Project("{FAE04EC0-301F-11D3-BF4B-00C04F79EFBC}") = "Unity.RenderPipelines.ShaderGraph.ShaderGraphLibrary", "Unity.RenderPipelines.ShaderGraph.ShaderGraphLibrary.csproj", "{B57702D1-6EAE-1679-590E-9D9118BE7987}"
EndProject
Project("{FAE04EC0-301F-11D3-BF4B-00C04F79EFBC}") = "Unity.PlasticSCM.Editor", "Unity.PlasticSCM.Editor.csproj", "{7F95A4C2-6EFF-369E-1E77-BB9C7AAA6228}"
EndProject
Project("{FAE04EC0-301F-11D3-BF4B-00C04F79EFBC}") = "Unity.VisualScripting.Core.Editor", "Unity.VisualScripting.Core.Editor.csproj", "{CFC4A437-0CB3-B190-9934-58776F1B3DFF}"
EndProject
Project("{FAE04EC0-301F-11D3-BF4B-00C04F79EFBC}") = "Unity.VisualScripting.Flow.Editor", "Unity.VisualScripting.Flow.Editor.csproj", "{58D351A5-19EF-0154-CF08-3E2C810119C5}"
EndProject
Project("{FAE04EC0-301F-11D3-BF4B-00C04F79EFBC}") = "Unity.ShaderGraph.Editor", "Unity.ShaderGraph.Editor.csproj", "{B2CF2F72-B75B-4407-F2B3-473826126850}"
EndProject
Project("{FAE04EC0-301F-11D3-BF4B-00C04F79EFBC}") = "Unity.VisualStudio.Editor", "Unity.VisualStudio.Editor.csproj", "{66F8E063-4D3A-E3C5-F57E-F8B3DCD09B77}"
EndProject
Project("{FAE04EC0-301F-11D3-BF4B-00C04F79EFBC}") = "Unity.Timeline.Editor", "Unity.Timeline.Editor.csproj", "{B857B029-3A6B-AC13-AB03-0F909E860452}"
EndProject
Project("{FAE04EC0-301F-11D3-BF4B-00C04F79EFBC}") = "Unity.RenderPipelines.Universal.Editor", "Unity.RenderPipelines.Universal.Editor.csproj", "{3D15C6C0-C41C-6BD5-7B31-AF6D8D29F501}"
EndProject
Project("{FAE04EC0-301F-11D3-BF4B-00C04F79EFBC}") = "com.unity.cinemachine.editor", "com.unity.cinemachine.editor.csproj", "{B0E0D767-0588-CDEB-22DE-BF78E7C2AC17}"
EndProject
Project("{FAE04EC0-301F-11D3-BF4B-00C04F79EFBC}") = "Unity.VisualScripting.State.Editor", "Unity.VisualScripting.State.Editor.csproj", "{773A4519-5D31-1626-62AF-EC2368E232B2}"
EndProject
Project("{FAE04EC0-301F-11D3-BF4B-00C04F79EFBC}") = "Unity.TextMeshPro.Editor", "Unity.TextMeshPro.Editor.csproj", "{CBA419FD-4786-1744-6962-AFA68CBA8055}"
EndProject
Project("{FAE04EC0-301F-11D3-BF4B-00C04F79EFBC}") = "Unity.RenderPipelines.Core.Editor", "Unity.RenderPipelines.Core.Editor.csproj", "{93405F71-1CB8-4A23-B7BC-18F5305D8E63}"
EndProject
Project("{FAE04EC0-301F-11D3-BF4B-00C04F79EFBC}") = "Unity.VisualScripting.SettingsProvider.Editor", "Unity.VisualScripting.SettingsProvider.Editor.csproj", "{D27F34DF-4447-6DC5-FCEF-8FADFCDD364C}"
EndProject
Project("{FAE04EC0-301F-11D3-BF4B-00C04F79EFBC}") = "Unity.CollabProxy.Editor", "Unity.CollabProxy.Editor.csproj", "{1B4D3526-2A1F-6C61-7462-64B9AC950FAA}"
EndProject
Project("{FAE04EC0-301F-11D3-BF4B-00C04F79EFBC}") = "UnityEditor.TestRunner", "UnityEditor.TestRunner.csproj", "{C24BB89E-6498-4F5A-7C08-523BDF20DE3B}"
EndProject
Project("{FAE04EC0-301F-11D3-BF4B-00C04F79EFBC}") = "Unity.Services.Core.Editor", "Unity.Services.Core.Editor.csproj", "{6A821AD2-1CB8-8760-4842-715FBB66967E}"
EndProject
Project("{FAE04EC0-301F-11D3-BF4B-00C04F79EFBC}") = "Unity.Rider.Editor", "Unity.Rider.Editor.csproj", "{3317D738-26A9-3EF4-B933-25CF28CFD835}"
EndProject
Project("{FAE04EC0-301F-11D3-BF4B-00C04F79EFBC}") = "Unity.Searcher.Editor", "Unity.Searcher.Editor.csproj", "{0E7B8FA4-3BC6-FFBC-0FE7-9B72D84DA653}"
EndProject
Project("{FAE04EC0-301F-11D3-BF4B-00C04F79EFBC}") = "Unity.Burst.CodeGen", "Unity.Burst.CodeGen.csproj", "{1E36CD9E-22FF-C683-0E20-5932BA6625BF}"
EndProject
Project("{FAE04EC0-301F-11D3-BF4B-00C04F79EFBC}") = "Unity.VSCode.Editor", "Unity.VSCode.Editor.csproj", "{1E56B4CE-F830-C519-46E5-6C64788C4B41}"
EndProject
Project("{FAE04EC0-301F-11D3-BF4B-00C04F79EFBC}") = "UnityEditor.UI", "UnityEditor.UI.csproj", "{A72BE41F-389D-D50E-61EB-17F57C012017}"
EndProject
Project("{FAE04EC0-301F-11D3-BF4B-00C04F79EFBC}") = "PPv2URPConverters", "PPv2URPConverters.csproj", "{EF5586DE-FC94-BD43-A7DB-146DAC097BA7}"
EndProject
Project("{FAE04EC0-301F-11D3-BF4B-00C04F79EFBC}") = "Unity.Mathematics.Editor", "Unity.Mathematics.Editor.csproj", "{4C71C35D-BB39-2478-BCDB-3697E955DB37}"
EndProject
Project("{FAE04EC0-301F-11D3-BF4B-00C04F79EFBC}") = "Unity.Services.Core.Configuration.Editor", "Unity.Services.Core.Configuration.Editor.csproj", "{89353AF1-9C09-A0C6-C397-E390DC981328}"
EndProject
Project("{FAE04EC0-301F-11D3-BF4B-00C04F79EFBC}") = "Unity.Burst.Editor", "Unity.Burst.Editor.csproj", "{8794B616-1E59-42B3-9680-360D8B9526DF}"
EndProject
Project("{FAE04EC0-301F-11D3-BF4B-00C04F79EFBC}") = "Unity.ShaderGraph.Utilities", "Unity.ShaderGraph.Utilities.csproj", "{764CE315-1D23-E46D-24BB-E29DCD3B071A}"
EndProject
Project("{FAE04EC0-301F-11D3-BF4B-00C04F79EFBC}") = "Unity.VisualScripting.Shared.Editor", "Unity.VisualScripting.Shared.Editor.csproj", "{5FC6C925-D71D-07C4-427E-273950F5D397}"
EndProject
Project("{FAE04EC0-301F-11D3-BF4B-00C04F79EFBC}") = "UnityEngine.UI", "UnityEngine.UI.Player.csproj", "{334898AF-508A-88C0-AC1F-9CC05BF13666}"
EndProject
Project("{FAE04EC0-301F-11D3-BF4B-00C04F79EFBC}") = "Unity.RenderPipelines.Core.Runtime", "Unity.RenderPipelines.Core.Runtime.Player.csproj", "{7D38B203-ABD3-0ABD-890C-41D992742AC0}"
EndProject
Project("{FAE04EC0-301F-11D3-BF4B-00C04F79EFBC}") = "UnityEngine.TestRunner", "UnityEngine.TestRunner.Player.csproj", "{2E6FCCFB-8CA9-EA33-C16E-BC8C98CCBC44}"
EndProject
Project("{FAE04EC0-301F-11D3-BF4B-00C04F79EFBC}") = "Unity.VisualScripting.Flow", "Unity.VisualScripting.Flow.Player.csproj", "{D8B15CB8-389C-54F5-553A-7F2126E1D4AE}"
EndProject
Project("{FAE04EC0-301F-11D3-BF4B-00C04F79EFBC}") = "Unity.Mathematics", "Unity.Mathematics.Player.csproj", "{A0BD556C-D93B-90D1-0B4C-853D16B5024F}"
EndProject
Project("{FAE04EC0-301F-11D3-BF4B-00C04F79EFBC}") = "Unity.Services.Core.Telemetry", "Unity.Services.Core.Telemetry.Player.csproj", "{BDBA6DAC-5D18-C438-7DCA-99F13DDCDD8C}"
EndProject
Project("{FAE04EC0-301F-11D3-BF4B-00C04F79EFBC}") = "Unity.InputSystem", "Unity.InputSystem.Player.csproj", "{9DDF3151-9FA9-773A-FA48-F324667B045A}"
EndProject
Project("{FAE04EC0-301F-11D3-BF4B-00C04F79EFBC}") = "Unity.VisualScripting.State", "Unity.VisualScripting.State.Player.csproj", "{415501DE-D05E-FBBE-D6E5-6372DF167C7A}"
EndProject
Project("{FAE04EC0-301F-11D3-BF4B-00C04F79EFBC}") = "Unity.VisualScripting.Core", "Unity.VisualScripting.Core.Player.csproj", "{CB462A8B-1C92-2BB1-6B79-4CE31B4D3BC0}"
EndProject
Project("{FAE04EC0-301F-11D3-BF4B-00C04F79EFBC}") = "Unity.RenderPipelines.Universal.Runtime", "Unity.RenderPipelines.Universal.Runtime.Player.csproj", "{EB4ECF70-67DF-5BDB-5924-3C85AD522B65}"
EndProject
Project("{FAE04EC0-301F-11D3-BF4B-00C04F79EFBC}") = "Unity.Services.Core.Environments.Internal", "Unity.Services.Core.Environments.Internal.Player.csproj", "{A0C75BCE-EF0C-CD54-7F8B-8E222B600DB5}"
EndProject
Project("{FAE04EC0-301F-11D3-BF4B-00C04F79EFBC}") = "Unity.Burst", "Unity.Burst.Player.csproj", "{D51A75EA-686E-7B0F-6145-3A0BB3DAC125}"
EndProject
Project("{FAE04EC0-301F-11D3-BF4B-00C04F79EFBC}") = "Unity.TextMeshPro", "Unity.TextMeshPro.Player.csproj", "{FF9BB13D-7EC6-1EB0-7DAA-F99D11590ED9}"
EndProject
Project("{FAE04EC0-301F-11D3-BF4B-00C04F79EFBC}") = "Cinemachine", "Cinemachine.Player.csproj", "{61B235A4-94F0-64C9-FD07-EDDAF55B0B4C}"
EndProject
Project("{FAE04EC0-301F-11D3-BF4B-00C04F79EFBC}") = "Unity.Timeline", "Unity.Timeline.Player.csproj", "{B5478957-F940-7A93-DAC0-3780BC993352}"
EndProject
Project("{FAE04EC0-301F-11D3-BF4B-00C04F79EFBC}") = "Unity.RenderPipeline.Universal.ShaderLibrary", "Unity.RenderPipeline.Universal.ShaderLibrary.Player.csproj", "{F22BAFFC-1D9F-6650-EAF4-5B5EF21ECF05}"
EndProject
Project("{FAE04EC0-301F-11D3-BF4B-00C04F79EFBC}") = "Unity.Services.Core.Environments", "Unity.Services.Core.Environments.Player.csproj", "{30681897-BDBC-D782-D18F-169333057DC0}"
EndProject
Project("{FAE04EC0-301F-11D3-BF4B-00C04F79EFBC}") = "Unity.Services.Core.Internal", "Unity.Services.Core.Internal.Player.csproj", "{34FA79C9-4CD6-3946-BA2B-A50949DCFD4A}"
EndProject
Project("{FAE04EC0-301F-11D3-BF4B-00C04F79EFBC}") = "Unity.Services.Core.Analytics", "Unity.Services.Core.Analytics.Player.csproj", "{587EDEE9-C17C-FBFC-925C-CC5BA8AFA62C}"
EndProject
Project("{FAE04EC0-301F-11D3-BF4B-00C04F79EFBC}") = "Unity.Services.Core.Scheduler", "Unity.Services.Core.Scheduler.Player.csproj", "{46D1C98E-50AF-A9CF-2FBF-13453E44E67D}"
EndProject
Project("{FAE04EC0-301F-11D3-BF4B-00C04F79EFBC}") = "Unity.Services.Core.Registration", "Unity.Services.Core.Registration.Player.csproj", "{679CA0D0-0603-96BF-0BAE-547FCFDD33AC}"
EndProject
Project("{FAE04EC0-301F-11D3-BF4B-00C04F79EFBC}") = "Unity.Services.Core.Device", "Unity.Services.Core.Device.Player.csproj", "{F0772B70-2E15-3568-C2EF-71AB7F0EC735}"
EndProject
Project("{FAE04EC0-301F-11D3-BF4B-00C04F79EFBC}") = "Unity.Services.Core.Threading", "Unity.Services.Core.Threading.Player.csproj", "{62BAF29C-29BD-1499-D848-8CE99CF9B321}"
EndProject
Project("{FAE04EC0-301F-11D3-BF4B-00C04F79EFBC}") = "Assembly-CSharp", "Assembly-CSharp.Player.csproj", "{09C68190-D95A-0D30-92EB-3ACA9C369E9A}"
EndProject
Project("{FAE04EC0-301F-11D3-BF4B-00C04F79EFBC}") = "Unity.Services.Core.Networking", "Unity.Services.Core.Networking.Player.csproj", "{106701A1-8952-8E56-C897-C53EF0C4922B}"
EndProject
Project("{FAE04EC0-301F-11D3-BF4B-00C04F79EFBC}") = "Unity.Services.Core", "Unity.Services.Core.Player.csproj", "{5A3DAB79-5C9F-841B-50F2-75990EB20CB1}"
EndProject
Project("{FAE04EC0-301F-11D3-BF4B-00C04F79EFBC}") = "Unity.RenderPipelines.Core.ShaderLibrary", "Unity.RenderPipelines.Core.ShaderLibrary.Player.csproj", "{3A806A18-E6E7-4C1C-B7AD-7E05CD976EA7}"
EndProject
Project("{FAE04EC0-301F-11D3-BF4B-00C04F79EFBC}") = "Unity.Services.Core.Configuration", "Unity.Services.Core.Configuration.Player.csproj", "{ECE6374C-23F0-3933-E28E-C5CB375CEC13}"
EndProject
Project("{FAE04EC0-301F-11D3-BF4B-00C04F79EFBC}") = "Unity.RenderPipelines.Universal.Shaders", "Unity.RenderPipelines.Universal.Shaders.Player.csproj", "{6B38D5D2-D7FB-CB41-B2CD-1BFED756534E}"
EndProject
Project("{FAE04EC0-301F-11D3-BF4B-00C04F79EFBC}") = "Unity.RenderPipelines.ShaderGraph.ShaderGraphLibrary", "Unity.RenderPipelines.ShaderGraph.ShaderGraphLibrary.Player.csproj", "{0FF209F5-97AD-6B04-D478-24900B4A577F}"
EndProject
Global
	GlobalSection(SolutionConfigurationPlatforms) = preSolution
		Debug|Any CPU = Debug|Any CPU
		Release|Any CPU = Release|Any CPU
	EndGlobalSection
	GlobalSection(ProjectConfigurationPlatforms) = postSolution
		{9010658C-679A-1FB9-F837-25B56D160770}.Debug|Any CPU.ActiveCfg = Debug|Any CPU
		{9010658C-679A-1FB9-F837-25B56D160770}.Debug|Any CPU.Build.0 = Debug|Any CPU
		{9010658C-679A-1FB9-F837-25B56D160770}.Release|Any CPU.ActiveCfg = Release|Any CPU
		{9010658C-679A-1FB9-F837-25B56D160770}.Release|Any CPU.Build.0 = Release|Any CPU
		{32E46A80-95D9-591F-CAB8-559AFCA3F08D}.Debug|Any CPU.ActiveCfg = Debug|Any CPU
		{32E46A80-95D9-591F-CAB8-559AFCA3F08D}.Debug|Any CPU.Build.0 = Debug|Any CPU
		{32E46A80-95D9-591F-CAB8-559AFCA3F08D}.Release|Any CPU.ActiveCfg = Release|Any CPU
		{32E46A80-95D9-591F-CAB8-559AFCA3F08D}.Release|Any CPU.Build.0 = Release|Any CPU
		{B1887B2A-9E4A-40C7-ED1C-D7748538E8E9}.Debug|Any CPU.ActiveCfg = Debug|Any CPU
		{B1887B2A-9E4A-40C7-ED1C-D7748538E8E9}.Debug|Any CPU.Build.0 = Debug|Any CPU
		{B1887B2A-9E4A-40C7-ED1C-D7748538E8E9}.Release|Any CPU.ActiveCfg = Release|Any CPU
		{B1887B2A-9E4A-40C7-ED1C-D7748538E8E9}.Release|Any CPU.Build.0 = Release|Any CPU
		{B51349D0-6A42-70D7-08AC-F7D60584EDD8}.Debug|Any CPU.ActiveCfg = Debug|Any CPU
		{B51349D0-6A42-70D7-08AC-F7D60584EDD8}.Debug|Any CPU.Build.0 = Debug|Any CPU
		{B51349D0-6A42-70D7-08AC-F7D60584EDD8}.Release|Any CPU.ActiveCfg = Release|Any CPU
		{B51349D0-6A42-70D7-08AC-F7D60584EDD8}.Release|Any CPU.Build.0 = Release|Any CPU
		{38CD5874-5809-CCC4-B8BB-1E19AB2ABE6C}.Debug|Any CPU.ActiveCfg = Debug|Any CPU
		{38CD5874-5809-CCC4-B8BB-1E19AB2ABE6C}.Debug|Any CPU.Build.0 = Debug|Any CPU
		{38CD5874-5809-CCC4-B8BB-1E19AB2ABE6C}.Release|Any CPU.ActiveCfg = Release|Any CPU
		{38CD5874-5809-CCC4-B8BB-1E19AB2ABE6C}.Release|Any CPU.Build.0 = Release|Any CPU
		{018681FC-3926-5E12-DF87-165B8EBC361B}.Debug|Any CPU.ActiveCfg = Debug|Any CPU
		{018681FC-3926-5E12-DF87-165B8EBC361B}.Debug|Any CPU.Build.0 = Debug|Any CPU
		{018681FC-3926-5E12-DF87-165B8EBC361B}.Release|Any CPU.ActiveCfg = Release|Any CPU
		{018681FC-3926-5E12-DF87-165B8EBC361B}.Release|Any CPU.Build.0 = Release|Any CPU
		{B8A97644-6C74-7E2B-B701-AB44CF0DD01A}.Debug|Any CPU.ActiveCfg = Debug|Any CPU
		{B8A97644-6C74-7E2B-B701-AB44CF0DD01A}.Debug|Any CPU.Build.0 = Debug|Any CPU
		{B8A97644-6C74-7E2B-B701-AB44CF0DD01A}.Release|Any CPU.ActiveCfg = Release|Any CPU
		{B8A97644-6C74-7E2B-B701-AB44CF0DD01A}.Release|Any CPU.Build.0 = Release|Any CPU
		{AEE8F85B-FD28-1517-E43D-AB1F7FCB1581}.Debug|Any CPU.ActiveCfg = Debug|Any CPU
		{AEE8F85B-FD28-1517-E43D-AB1F7FCB1581}.Debug|Any CPU.Build.0 = Debug|Any CPU
		{AEE8F85B-FD28-1517-E43D-AB1F7FCB1581}.Release|Any CPU.ActiveCfg = Release|Any CPU
		{AEE8F85B-FD28-1517-E43D-AB1F7FCB1581}.Release|Any CPU.Build.0 = Release|Any CPU
		{EE80BE6D-EE26-78E4-484E-BCCD69786647}.Debug|Any CPU.ActiveCfg = Debug|Any CPU
		{EE80BE6D-EE26-78E4-484E-BCCD69786647}.Debug|Any CPU.Build.0 = Debug|Any CPU
		{EE80BE6D-EE26-78E4-484E-BCCD69786647}.Release|Any CPU.ActiveCfg = Release|Any CPU
		{EE80BE6D-EE26-78E4-484E-BCCD69786647}.Release|Any CPU.Build.0 = Release|Any CPU
		{8FBE9625-3DC2-ED44-EDD1-060A4403060E}.Debug|Any CPU.ActiveCfg = Debug|Any CPU
		{8FBE9625-3DC2-ED44-EDD1-060A4403060E}.Debug|Any CPU.Build.0 = Debug|Any CPU
		{8FBE9625-3DC2-ED44-EDD1-060A4403060E}.Release|Any CPU.ActiveCfg = Release|Any CPU
		{8FBE9625-3DC2-ED44-EDD1-060A4403060E}.Release|Any CPU.Build.0 = Release|Any CPU
		{AD54B5FD-E677-64E0-68B3-0A3DE70A3BE4}.Debug|Any CPU.ActiveCfg = Debug|Any CPU
		{AD54B5FD-E677-64E0-68B3-0A3DE70A3BE4}.Debug|Any CPU.Build.0 = Debug|Any CPU
		{AD54B5FD-E677-64E0-68B3-0A3DE70A3BE4}.Release|Any CPU.ActiveCfg = Release|Any CPU
		{AD54B5FD-E677-64E0-68B3-0A3DE70A3BE4}.Release|Any CPU.Build.0 = Release|Any CPU
		{8FFF08DD-831E-BB80-A366-70A5C3093FE6}.Debug|Any CPU.ActiveCfg = Debug|Any CPU
		{8FFF08DD-831E-BB80-A366-70A5C3093FE6}.Debug|Any CPU.Build.0 = Debug|Any CPU
		{8FFF08DD-831E-BB80-A366-70A5C3093FE6}.Release|Any CPU.ActiveCfg = Release|Any CPU
		{8FFF08DD-831E-BB80-A366-70A5C3093FE6}.Release|Any CPU.Build.0 = Release|Any CPU
		{C0A3EC03-5904-CC1B-0C20-F3734875ACD3}.Debug|Any CPU.ActiveCfg = Debug|Any CPU
		{C0A3EC03-5904-CC1B-0C20-F3734875ACD3}.Debug|Any CPU.Build.0 = Debug|Any CPU
		{C0A3EC03-5904-CC1B-0C20-F3734875ACD3}.Release|Any CPU.ActiveCfg = Release|Any CPU
		{C0A3EC03-5904-CC1B-0C20-F3734875ACD3}.Release|Any CPU.Build.0 = Release|Any CPU
		{F69153E8-3799-1C89-ABF3-2CFCC2EE5428}.Debug|Any CPU.ActiveCfg = Debug|Any CPU
		{F69153E8-3799-1C89-ABF3-2CFCC2EE5428}.Debug|Any CPU.Build.0 = Debug|Any CPU
		{F69153E8-3799-1C89-ABF3-2CFCC2EE5428}.Release|Any CPU.ActiveCfg = Release|Any CPU
		{F69153E8-3799-1C89-ABF3-2CFCC2EE5428}.Release|Any CPU.Build.0 = Release|Any CPU
		{472CE523-90A9-CCB9-EA89-04D4B313530B}.Debug|Any CPU.ActiveCfg = Debug|Any CPU
		{472CE523-90A9-CCB9-EA89-04D4B313530B}.Debug|Any CPU.Build.0 = Debug|Any CPU
		{472CE523-90A9-CCB9-EA89-04D4B313530B}.Release|Any CPU.ActiveCfg = Release|Any CPU
		{472CE523-90A9-CCB9-EA89-04D4B313530B}.Release|Any CPU.Build.0 = Release|Any CPU
		{65559176-FE40-9D50-D1A3-6607CBA38485}.Debug|Any CPU.ActiveCfg = Debug|Any CPU
		{65559176-FE40-9D50-D1A3-6607CBA38485}.Debug|Any CPU.Build.0 = Debug|Any CPU
		{65559176-FE40-9D50-D1A3-6607CBA38485}.Release|Any CPU.ActiveCfg = Release|Any CPU
		{65559176-FE40-9D50-D1A3-6607CBA38485}.Release|Any CPU.Build.0 = Release|Any CPU
		{0A828D79-5891-4CE0-D6F0-02E13B3FCF89}.Debug|Any CPU.ActiveCfg = Debug|Any CPU
		{0A828D79-5891-4CE0-D6F0-02E13B3FCF89}.Debug|Any CPU.Build.0 = Debug|Any CPU
		{0A828D79-5891-4CE0-D6F0-02E13B3FCF89}.Release|Any CPU.ActiveCfg = Release|Any CPU
		{0A828D79-5891-4CE0-D6F0-02E13B3FCF89}.Release|Any CPU.Build.0 = Release|Any CPU
		{1014D82B-ADE8-AC8B-34E5-F93F0C099861}.Debug|Any CPU.ActiveCfg = Debug|Any CPU
		{1014D82B-ADE8-AC8B-34E5-F93F0C099861}.Debug|Any CPU.Build.0 = Debug|Any CPU
		{1014D82B-ADE8-AC8B-34E5-F93F0C099861}.Release|Any CPU.ActiveCfg = Release|Any CPU
		{1014D82B-ADE8-AC8B-34E5-F93F0C099861}.Release|Any CPU.Build.0 = Release|Any CPU
		{254CE1D7-D335-8044-ED48-8E795022C13D}.Debug|Any CPU.ActiveCfg = Debug|Any CPU
		{254CE1D7-D335-8044-ED48-8E795022C13D}.Debug|Any CPU.Build.0 = Debug|Any CPU
		{254CE1D7-D335-8044-ED48-8E795022C13D}.Release|Any CPU.ActiveCfg = Release|Any CPU
		{254CE1D7-D335-8044-ED48-8E795022C13D}.Release|Any CPU.Build.0 = Release|Any CPU
		{3DA2D0A2-DD31-CCF1-0416-7BEE93D450BF}.Debug|Any CPU.ActiveCfg = Debug|Any CPU
		{3DA2D0A2-DD31-CCF1-0416-7BEE93D450BF}.Debug|Any CPU.Build.0 = Debug|Any CPU
		{3DA2D0A2-DD31-CCF1-0416-7BEE93D450BF}.Release|Any CPU.ActiveCfg = Release|Any CPU
		{3DA2D0A2-DD31-CCF1-0416-7BEE93D450BF}.Release|Any CPU.Build.0 = Release|Any CPU
		{F0FC2A0A-F7C4-9067-5D98-F382F732E8C5}.Debug|Any CPU.ActiveCfg = Debug|Any CPU
		{F0FC2A0A-F7C4-9067-5D98-F382F732E8C5}.Debug|Any CPU.Build.0 = Debug|Any CPU
		{F0FC2A0A-F7C4-9067-5D98-F382F732E8C5}.Release|Any CPU.ActiveCfg = Release|Any CPU
		{F0FC2A0A-F7C4-9067-5D98-F382F732E8C5}.Release|Any CPU.Build.0 = Release|Any CPU
		{FE2CB0EF-D3D8-992B-402C-CAD7440E9EA3}.Debug|Any CPU.ActiveCfg = Debug|Any CPU
		{FE2CB0EF-D3D8-992B-402C-CAD7440E9EA3}.Debug|Any CPU.Build.0 = Debug|Any CPU
		{FE2CB0EF-D3D8-992B-402C-CAD7440E9EA3}.Release|Any CPU.ActiveCfg = Release|Any CPU
		{FE2CB0EF-D3D8-992B-402C-CAD7440E9EA3}.Release|Any CPU.Build.0 = Release|Any CPU
		{078583B5-3CF7-E7E8-7F27-E747CEC3A9AB}.Debug|Any CPU.ActiveCfg = Debug|Any CPU
		{078583B5-3CF7-E7E8-7F27-E747CEC3A9AB}.Debug|Any CPU.Build.0 = Debug|Any CPU
		{078583B5-3CF7-E7E8-7F27-E747CEC3A9AB}.Release|Any CPU.ActiveCfg = Release|Any CPU
		{078583B5-3CF7-E7E8-7F27-E747CEC3A9AB}.Release|Any CPU.Build.0 = Release|Any CPU
		{9F68CF24-52EC-681D-E67C-04045CC581A4}.Debug|Any CPU.ActiveCfg = Debug|Any CPU
		{9F68CF24-52EC-681D-E67C-04045CC581A4}.Debug|Any CPU.Build.0 = Debug|Any CPU
		{9F68CF24-52EC-681D-E67C-04045CC581A4}.Release|Any CPU.ActiveCfg = Release|Any CPU
		{9F68CF24-52EC-681D-E67C-04045CC581A4}.Release|Any CPU.Build.0 = Release|Any CPU
		{F92F79AD-DC9F-A3A0-290A-170819113C46}.Debug|Any CPU.ActiveCfg = Debug|Any CPU
		{F92F79AD-DC9F-A3A0-290A-170819113C46}.Debug|Any CPU.Build.0 = Debug|Any CPU
		{F92F79AD-DC9F-A3A0-290A-170819113C46}.Release|Any CPU.ActiveCfg = Release|Any CPU
		{F92F79AD-DC9F-A3A0-290A-170819113C46}.Release|Any CPU.Build.0 = Release|Any CPU
		{EF2A8CC2-B3D6-61D4-9E70-E6FA73CA401E}.Debug|Any CPU.ActiveCfg = Debug|Any CPU
		{EF2A8CC2-B3D6-61D4-9E70-E6FA73CA401E}.Debug|Any CPU.Build.0 = Debug|Any CPU
		{EF2A8CC2-B3D6-61D4-9E70-E6FA73CA401E}.Release|Any CPU.ActiveCfg = Release|Any CPU
		{EF2A8CC2-B3D6-61D4-9E70-E6FA73CA401E}.Release|Any CPU.Build.0 = Release|Any CPU
		{29189A48-E6AE-AD37-C2CC-F71FF7DE6580}.Debug|Any CPU.ActiveCfg = Debug|Any CPU
		{29189A48-E6AE-AD37-C2CC-F71FF7DE6580}.Debug|Any CPU.Build.0 = Debug|Any CPU
		{29189A48-E6AE-AD37-C2CC-F71FF7DE6580}.Release|Any CPU.ActiveCfg = Release|Any CPU
		{29189A48-E6AE-AD37-C2CC-F71FF7DE6580}.Release|Any CPU.Build.0 = Release|Any CPU
		{3F609121-C7B6-2724-4496-D8D979399C5E}.Debug|Any CPU.ActiveCfg = Debug|Any CPU
		{3F609121-C7B6-2724-4496-D8D979399C5E}.Debug|Any CPU.Build.0 = Debug|Any CPU
		{3F609121-C7B6-2724-4496-D8D979399C5E}.Release|Any CPU.ActiveCfg = Release|Any CPU
		{3F609121-C7B6-2724-4496-D8D979399C5E}.Release|Any CPU.Build.0 = Release|Any CPU
		{76F69AB3-7608-EE6A-3121-DE72458E2CF3}.Debug|Any CPU.ActiveCfg = Debug|Any CPU
		{76F69AB3-7608-EE6A-3121-DE72458E2CF3}.Debug|Any CPU.Build.0 = Debug|Any CPU
		{76F69AB3-7608-EE6A-3121-DE72458E2CF3}.Release|Any CPU.ActiveCfg = Release|Any CPU
		{76F69AB3-7608-EE6A-3121-DE72458E2CF3}.Release|Any CPU.Build.0 = Release|Any CPU
		{B57702D1-6EAE-1679-590E-9D9118BE7987}.Debug|Any CPU.ActiveCfg = Debug|Any CPU
		{B57702D1-6EAE-1679-590E-9D9118BE7987}.Debug|Any CPU.Build.0 = Debug|Any CPU
		{B57702D1-6EAE-1679-590E-9D9118BE7987}.Release|Any CPU.ActiveCfg = Release|Any CPU
		{B57702D1-6EAE-1679-590E-9D9118BE7987}.Release|Any CPU.Build.0 = Release|Any CPU
		{7F95A4C2-6EFF-369E-1E77-BB9C7AAA6228}.Debug|Any CPU.ActiveCfg = Debug|Any CPU
		{7F95A4C2-6EFF-369E-1E77-BB9C7AAA6228}.Debug|Any CPU.Build.0 = Debug|Any CPU
		{7F95A4C2-6EFF-369E-1E77-BB9C7AAA6228}.Release|Any CPU.ActiveCfg = Release|Any CPU
		{7F95A4C2-6EFF-369E-1E77-BB9C7AAA6228}.Release|Any CPU.Build.0 = Release|Any CPU
		{CFC4A437-0CB3-B190-9934-58776F1B3DFF}.Debug|Any CPU.ActiveCfg = Debug|Any CPU
		{CFC4A437-0CB3-B190-9934-58776F1B3DFF}.Debug|Any CPU.Build.0 = Debug|Any CPU
		{CFC4A437-0CB3-B190-9934-58776F1B3DFF}.Release|Any CPU.ActiveCfg = Release|Any CPU
		{CFC4A437-0CB3-B190-9934-58776F1B3DFF}.Release|Any CPU.Build.0 = Release|Any CPU
		{58D351A5-19EF-0154-CF08-3E2C810119C5}.Debug|Any CPU.ActiveCfg = Debug|Any CPU
		{58D351A5-19EF-0154-CF08-3E2C810119C5}.Debug|Any CPU.Build.0 = Debug|Any CPU
		{58D351A5-19EF-0154-CF08-3E2C810119C5}.Release|Any CPU.ActiveCfg = Release|Any CPU
		{58D351A5-19EF-0154-CF08-3E2C810119C5}.Release|Any CPU.Build.0 = Release|Any CPU
		{B2CF2F72-B75B-4407-F2B3-473826126850}.Debug|Any CPU.ActiveCfg = Debug|Any CPU
		{B2CF2F72-B75B-4407-F2B3-473826126850}.Debug|Any CPU.Build.0 = Debug|Any CPU
		{B2CF2F72-B75B-4407-F2B3-473826126850}.Release|Any CPU.ActiveCfg = Release|Any CPU
		{B2CF2F72-B75B-4407-F2B3-473826126850}.Release|Any CPU.Build.0 = Release|Any CPU
		{66F8E063-4D3A-E3C5-F57E-F8B3DCD09B77}.Debug|Any CPU.ActiveCfg = Debug|Any CPU
		{66F8E063-4D3A-E3C5-F57E-F8B3DCD09B77}.Debug|Any CPU.Build.0 = Debug|Any CPU
		{66F8E063-4D3A-E3C5-F57E-F8B3DCD09B77}.Release|Any CPU.ActiveCfg = Release|Any CPU
		{66F8E063-4D3A-E3C5-F57E-F8B3DCD09B77}.Release|Any CPU.Build.0 = Release|Any CPU
		{B857B029-3A6B-AC13-AB03-0F909E860452}.Debug|Any CPU.ActiveCfg = Debug|Any CPU
		{B857B029-3A6B-AC13-AB03-0F909E860452}.Debug|Any CPU.Build.0 = Debug|Any CPU
		{B857B029-3A6B-AC13-AB03-0F909E860452}.Release|Any CPU.ActiveCfg = Release|Any CPU
		{B857B029-3A6B-AC13-AB03-0F909E860452}.Release|Any CPU.Build.0 = Release|Any CPU
		{3D15C6C0-C41C-6BD5-7B31-AF6D8D29F501}.Debug|Any CPU.ActiveCfg = Debug|Any CPU
		{3D15C6C0-C41C-6BD5-7B31-AF6D8D29F501}.Debug|Any CPU.Build.0 = Debug|Any CPU
		{3D15C6C0-C41C-6BD5-7B31-AF6D8D29F501}.Release|Any CPU.ActiveCfg = Release|Any CPU
		{3D15C6C0-C41C-6BD5-7B31-AF6D8D29F501}.Release|Any CPU.Build.0 = Release|Any CPU
		{B0E0D767-0588-CDEB-22DE-BF78E7C2AC17}.Debug|Any CPU.ActiveCfg = Debug|Any CPU
		{B0E0D767-0588-CDEB-22DE-BF78E7C2AC17}.Debug|Any CPU.Build.0 = Debug|Any CPU
		{B0E0D767-0588-CDEB-22DE-BF78E7C2AC17}.Release|Any CPU.ActiveCfg = Release|Any CPU
		{B0E0D767-0588-CDEB-22DE-BF78E7C2AC17}.Release|Any CPU.Build.0 = Release|Any CPU
		{773A4519-5D31-1626-62AF-EC2368E232B2}.Debug|Any CPU.ActiveCfg = Debug|Any CPU
		{773A4519-5D31-1626-62AF-EC2368E232B2}.Debug|Any CPU.Build.0 = Debug|Any CPU
		{773A4519-5D31-1626-62AF-EC2368E232B2}.Release|Any CPU.ActiveCfg = Release|Any CPU
		{773A4519-5D31-1626-62AF-EC2368E232B2}.Release|Any CPU.Build.0 = Release|Any CPU
		{CBA419FD-4786-1744-6962-AFA68CBA8055}.Debug|Any CPU.ActiveCfg = Debug|Any CPU
		{CBA419FD-4786-1744-6962-AFA68CBA8055}.Debug|Any CPU.Build.0 = Debug|Any CPU
		{CBA419FD-4786-1744-6962-AFA68CBA8055}.Release|Any CPU.ActiveCfg = Release|Any CPU
		{CBA419FD-4786-1744-6962-AFA68CBA8055}.Release|Any CPU.Build.0 = Release|Any CPU
		{93405F71-1CB8-4A23-B7BC-18F5305D8E63}.Debug|Any CPU.ActiveCfg = Debug|Any CPU
		{93405F71-1CB8-4A23-B7BC-18F5305D8E63}.Debug|Any CPU.Build.0 = Debug|Any CPU
		{93405F71-1CB8-4A23-B7BC-18F5305D8E63}.Release|Any CPU.ActiveCfg = Release|Any CPU
		{93405F71-1CB8-4A23-B7BC-18F5305D8E63}.Release|Any CPU.Build.0 = Release|Any CPU
		{D27F34DF-4447-6DC5-FCEF-8FADFCDD364C}.Debug|Any CPU.ActiveCfg = Debug|Any CPU
		{D27F34DF-4447-6DC5-FCEF-8FADFCDD364C}.Debug|Any CPU.Build.0 = Debug|Any CPU
		{D27F34DF-4447-6DC5-FCEF-8FADFCDD364C}.Release|Any CPU.ActiveCfg = Release|Any CPU
		{D27F34DF-4447-6DC5-FCEF-8FADFCDD364C}.Release|Any CPU.Build.0 = Release|Any CPU
		{1B4D3526-2A1F-6C61-7462-64B9AC950FAA}.Debug|Any CPU.ActiveCfg = Debug|Any CPU
		{1B4D3526-2A1F-6C61-7462-64B9AC950FAA}.Debug|Any CPU.Build.0 = Debug|Any CPU
		{1B4D3526-2A1F-6C61-7462-64B9AC950FAA}.Release|Any CPU.ActiveCfg = Release|Any CPU
		{1B4D3526-2A1F-6C61-7462-64B9AC950FAA}.Release|Any CPU.Build.0 = Release|Any CPU
		{C24BB89E-6498-4F5A-7C08-523BDF20DE3B}.Debug|Any CPU.ActiveCfg = Debug|Any CPU
		{C24BB89E-6498-4F5A-7C08-523BDF20DE3B}.Debug|Any CPU.Build.0 = Debug|Any CPU
		{C24BB89E-6498-4F5A-7C08-523BDF20DE3B}.Release|Any CPU.ActiveCfg = Release|Any CPU
		{C24BB89E-6498-4F5A-7C08-523BDF20DE3B}.Release|Any CPU.Build.0 = Release|Any CPU
		{6A821AD2-1CB8-8760-4842-715FBB66967E}.Debug|Any CPU.ActiveCfg = Debug|Any CPU
		{6A821AD2-1CB8-8760-4842-715FBB66967E}.Debug|Any CPU.Build.0 = Debug|Any CPU
		{6A821AD2-1CB8-8760-4842-715FBB66967E}.Release|Any CPU.ActiveCfg = Release|Any CPU
		{6A821AD2-1CB8-8760-4842-715FBB66967E}.Release|Any CPU.Build.0 = Release|Any CPU
		{3317D738-26A9-3EF4-B933-25CF28CFD835}.Debug|Any CPU.ActiveCfg = Debug|Any CPU
		{3317D738-26A9-3EF4-B933-25CF28CFD835}.Debug|Any CPU.Build.0 = Debug|Any CPU
		{3317D738-26A9-3EF4-B933-25CF28CFD835}.Release|Any CPU.ActiveCfg = Release|Any CPU
		{3317D738-26A9-3EF4-B933-25CF28CFD835}.Release|Any CPU.Build.0 = Release|Any CPU
		{0E7B8FA4-3BC6-FFBC-0FE7-9B72D84DA653}.Debug|Any CPU.ActiveCfg = Debug|Any CPU
		{0E7B8FA4-3BC6-FFBC-0FE7-9B72D84DA653}.Debug|Any CPU.Build.0 = Debug|Any CPU
		{0E7B8FA4-3BC6-FFBC-0FE7-9B72D84DA653}.Release|Any CPU.ActiveCfg = Release|Any CPU
		{0E7B8FA4-3BC6-FFBC-0FE7-9B72D84DA653}.Release|Any CPU.Build.0 = Release|Any CPU
		{1E36CD9E-22FF-C683-0E20-5932BA6625BF}.Debug|Any CPU.ActiveCfg = Debug|Any CPU
		{1E36CD9E-22FF-C683-0E20-5932BA6625BF}.Debug|Any CPU.Build.0 = Debug|Any CPU
		{1E36CD9E-22FF-C683-0E20-5932BA6625BF}.Release|Any CPU.ActiveCfg = Release|Any CPU
		{1E36CD9E-22FF-C683-0E20-5932BA6625BF}.Release|Any CPU.Build.0 = Release|Any CPU
		{1E56B4CE-F830-C519-46E5-6C64788C4B41}.Debug|Any CPU.ActiveCfg = Debug|Any CPU
		{1E56B4CE-F830-C519-46E5-6C64788C4B41}.Debug|Any CPU.Build.0 = Debug|Any CPU
		{1E56B4CE-F830-C519-46E5-6C64788C4B41}.Release|Any CPU.ActiveCfg = Release|Any CPU
		{1E56B4CE-F830-C519-46E5-6C64788C4B41}.Release|Any CPU.Build.0 = Release|Any CPU
		{A72BE41F-389D-D50E-61EB-17F57C012017}.Debug|Any CPU.ActiveCfg = Debug|Any CPU
		{A72BE41F-389D-D50E-61EB-17F57C012017}.Debug|Any CPU.Build.0 = Debug|Any CPU
		{A72BE41F-389D-D50E-61EB-17F57C012017}.Release|Any CPU.ActiveCfg = Release|Any CPU
		{A72BE41F-389D-D50E-61EB-17F57C012017}.Release|Any CPU.Build.0 = Release|Any CPU
		{EF5586DE-FC94-BD43-A7DB-146DAC097BA7}.Debug|Any CPU.ActiveCfg = Debug|Any CPU
		{EF5586DE-FC94-BD43-A7DB-146DAC097BA7}.Debug|Any CPU.Build.0 = Debug|Any CPU
		{EF5586DE-FC94-BD43-A7DB-146DAC097BA7}.Release|Any CPU.ActiveCfg = Release|Any CPU
		{EF5586DE-FC94-BD43-A7DB-146DAC097BA7}.Release|Any CPU.Build.0 = Release|Any CPU
		{4C71C35D-BB39-2478-BCDB-3697E955DB37}.Debug|Any CPU.ActiveCfg = Debug|Any CPU
		{4C71C35D-BB39-2478-BCDB-3697E955DB37}.Debug|Any CPU.Build.0 = Debug|Any CPU
		{4C71C35D-BB39-2478-BCDB-3697E955DB37}.Release|Any CPU.ActiveCfg = Release|Any CPU
		{4C71C35D-BB39-2478-BCDB-3697E955DB37}.Release|Any CPU.Build.0 = Release|Any CPU
		{89353AF1-9C09-A0C6-C397-E390DC981328}.Debug|Any CPU.ActiveCfg = Debug|Any CPU
		{89353AF1-9C09-A0C6-C397-E390DC981328}.Debug|Any CPU.Build.0 = Debug|Any CPU
		{89353AF1-9C09-A0C6-C397-E390DC981328}.Release|Any CPU.ActiveCfg = Release|Any CPU
		{89353AF1-9C09-A0C6-C397-E390DC981328}.Release|Any CPU.Build.0 = Release|Any CPU
		{8794B616-1E59-42B3-9680-360D8B9526DF}.Debug|Any CPU.ActiveCfg = Debug|Any CPU
		{8794B616-1E59-42B3-9680-360D8B9526DF}.Debug|Any CPU.Build.0 = Debug|Any CPU
		{8794B616-1E59-42B3-9680-360D8B9526DF}.Release|Any CPU.ActiveCfg = Release|Any CPU
		{8794B616-1E59-42B3-9680-360D8B9526DF}.Release|Any CPU.Build.0 = Release|Any CPU
		{764CE315-1D23-E46D-24BB-E29DCD3B071A}.Debug|Any CPU.ActiveCfg = Debug|Any CPU
		{764CE315-1D23-E46D-24BB-E29DCD3B071A}.Debug|Any CPU.Build.0 = Debug|Any CPU
		{764CE315-1D23-E46D-24BB-E29DCD3B071A}.Release|Any CPU.ActiveCfg = Release|Any CPU
		{764CE315-1D23-E46D-24BB-E29DCD3B071A}.Release|Any CPU.Build.0 = Release|Any CPU
		{5FC6C925-D71D-07C4-427E-273950F5D397}.Debug|Any CPU.ActiveCfg = Debug|Any CPU
		{5FC6C925-D71D-07C4-427E-273950F5D397}.Debug|Any CPU.Build.0 = Debug|Any CPU
		{5FC6C925-D71D-07C4-427E-273950F5D397}.Release|Any CPU.ActiveCfg = Release|Any CPU
		{5FC6C925-D71D-07C4-427E-273950F5D397}.Release|Any CPU.Build.0 = Release|Any CPU
		{334898AF-508A-88C0-AC1F-9CC05BF13666}.Debug|Any CPU.ActiveCfg = Debug|Any CPU
		{334898AF-508A-88C0-AC1F-9CC05BF13666}.Debug|Any CPU.Build.0 = Debug|Any CPU
		{334898AF-508A-88C0-AC1F-9CC05BF13666}.Release|Any CPU.ActiveCfg = Release|Any CPU
		{334898AF-508A-88C0-AC1F-9CC05BF13666}.Release|Any CPU.Build.0 = Release|Any CPU
		{7D38B203-ABD3-0ABD-890C-41D992742AC0}.Debug|Any CPU.ActiveCfg = Debug|Any CPU
		{7D38B203-ABD3-0ABD-890C-41D992742AC0}.Debug|Any CPU.Build.0 = Debug|Any CPU
		{7D38B203-ABD3-0ABD-890C-41D992742AC0}.Release|Any CPU.ActiveCfg = Release|Any CPU
		{7D38B203-ABD3-0ABD-890C-41D992742AC0}.Release|Any CPU.Build.0 = Release|Any CPU
		{2E6FCCFB-8CA9-EA33-C16E-BC8C98CCBC44}.Debug|Any CPU.ActiveCfg = Debug|Any CPU
		{2E6FCCFB-8CA9-EA33-C16E-BC8C98CCBC44}.Debug|Any CPU.Build.0 = Debug|Any CPU
		{2E6FCCFB-8CA9-EA33-C16E-BC8C98CCBC44}.Release|Any CPU.ActiveCfg = Release|Any CPU
		{2E6FCCFB-8CA9-EA33-C16E-BC8C98CCBC44}.Release|Any CPU.Build.0 = Release|Any CPU
		{D8B15CB8-389C-54F5-553A-7F2126E1D4AE}.Debug|Any CPU.ActiveCfg = Debug|Any CPU
		{D8B15CB8-389C-54F5-553A-7F2126E1D4AE}.Debug|Any CPU.Build.0 = Debug|Any CPU
		{D8B15CB8-389C-54F5-553A-7F2126E1D4AE}.Release|Any CPU.ActiveCfg = Release|Any CPU
		{D8B15CB8-389C-54F5-553A-7F2126E1D4AE}.Release|Any CPU.Build.0 = Release|Any CPU
		{A0BD556C-D93B-90D1-0B4C-853D16B5024F}.Debug|Any CPU.ActiveCfg = Debug|Any CPU
		{A0BD556C-D93B-90D1-0B4C-853D16B5024F}.Debug|Any CPU.Build.0 = Debug|Any CPU
		{A0BD556C-D93B-90D1-0B4C-853D16B5024F}.Release|Any CPU.ActiveCfg = Release|Any CPU
		{A0BD556C-D93B-90D1-0B4C-853D16B5024F}.Release|Any CPU.Build.0 = Release|Any CPU
		{BDBA6DAC-5D18-C438-7DCA-99F13DDCDD8C}.Debug|Any CPU.ActiveCfg = Debug|Any CPU
		{BDBA6DAC-5D18-C438-7DCA-99F13DDCDD8C}.Debug|Any CPU.Build.0 = Debug|Any CPU
		{BDBA6DAC-5D18-C438-7DCA-99F13DDCDD8C}.Release|Any CPU.ActiveCfg = Release|Any CPU
		{BDBA6DAC-5D18-C438-7DCA-99F13DDCDD8C}.Release|Any CPU.Build.0 = Release|Any CPU
		{9DDF3151-9FA9-773A-FA48-F324667B045A}.Debug|Any CPU.ActiveCfg = Debug|Any CPU
		{9DDF3151-9FA9-773A-FA48-F324667B045A}.Debug|Any CPU.Build.0 = Debug|Any CPU
		{9DDF3151-9FA9-773A-FA48-F324667B045A}.Release|Any CPU.ActiveCfg = Release|Any CPU
		{9DDF3151-9FA9-773A-FA48-F324667B045A}.Release|Any CPU.Build.0 = Release|Any CPU
		{415501DE-D05E-FBBE-D6E5-6372DF167C7A}.Debug|Any CPU.ActiveCfg = Debug|Any CPU
		{415501DE-D05E-FBBE-D6E5-6372DF167C7A}.Debug|Any CPU.Build.0 = Debug|Any CPU
		{415501DE-D05E-FBBE-D6E5-6372DF167C7A}.Release|Any CPU.ActiveCfg = Release|Any CPU
		{415501DE-D05E-FBBE-D6E5-6372DF167C7A}.Release|Any CPU.Build.0 = Release|Any CPU
		{CB462A8B-1C92-2BB1-6B79-4CE31B4D3BC0}.Debug|Any CPU.ActiveCfg = Debug|Any CPU
		{CB462A8B-1C92-2BB1-6B79-4CE31B4D3BC0}.Debug|Any CPU.Build.0 = Debug|Any CPU
		{CB462A8B-1C92-2BB1-6B79-4CE31B4D3BC0}.Release|Any CPU.ActiveCfg = Release|Any CPU
		{CB462A8B-1C92-2BB1-6B79-4CE31B4D3BC0}.Release|Any CPU.Build.0 = Release|Any CPU
		{EB4ECF70-67DF-5BDB-5924-3C85AD522B65}.Debug|Any CPU.ActiveCfg = Debug|Any CPU
		{EB4ECF70-67DF-5BDB-5924-3C85AD522B65}.Debug|Any CPU.Build.0 = Debug|Any CPU
		{EB4ECF70-67DF-5BDB-5924-3C85AD522B65}.Release|Any CPU.ActiveCfg = Release|Any CPU
		{EB4ECF70-67DF-5BDB-5924-3C85AD522B65}.Release|Any CPU.Build.0 = Release|Any CPU
		{A0C75BCE-EF0C-CD54-7F8B-8E222B600DB5}.Debug|Any CPU.ActiveCfg = Debug|Any CPU
		{A0C75BCE-EF0C-CD54-7F8B-8E222B600DB5}.Debug|Any CPU.Build.0 = Debug|Any CPU
		{A0C75BCE-EF0C-CD54-7F8B-8E222B600DB5}.Release|Any CPU.ActiveCfg = Release|Any CPU
		{A0C75BCE-EF0C-CD54-7F8B-8E222B600DB5}.Release|Any CPU.Build.0 = Release|Any CPU
		{D51A75EA-686E-7B0F-6145-3A0BB3DAC125}.Debug|Any CPU.ActiveCfg = Debug|Any CPU
		{D51A75EA-686E-7B0F-6145-3A0BB3DAC125}.Debug|Any CPU.Build.0 = Debug|Any CPU
		{D51A75EA-686E-7B0F-6145-3A0BB3DAC125}.Release|Any CPU.ActiveCfg = Release|Any CPU
		{D51A75EA-686E-7B0F-6145-3A0BB3DAC125}.Release|Any CPU.Build.0 = Release|Any CPU
		{FF9BB13D-7EC6-1EB0-7DAA-F99D11590ED9}.Debug|Any CPU.ActiveCfg = Debug|Any CPU
		{FF9BB13D-7EC6-1EB0-7DAA-F99D11590ED9}.Debug|Any CPU.Build.0 = Debug|Any CPU
		{FF9BB13D-7EC6-1EB0-7DAA-F99D11590ED9}.Release|Any CPU.ActiveCfg = Release|Any CPU
		{FF9BB13D-7EC6-1EB0-7DAA-F99D11590ED9}.Release|Any CPU.Build.0 = Release|Any CPU
		{61B235A4-94F0-64C9-FD07-EDDAF55B0B4C}.Debug|Any CPU.ActiveCfg = Debug|Any CPU
		{61B235A4-94F0-64C9-FD07-EDDAF55B0B4C}.Debug|Any CPU.Build.0 = Debug|Any CPU
		{61B235A4-94F0-64C9-FD07-EDDAF55B0B4C}.Release|Any CPU.ActiveCfg = Release|Any CPU
		{61B235A4-94F0-64C9-FD07-EDDAF55B0B4C}.Release|Any CPU.Build.0 = Release|Any CPU
		{B5478957-F940-7A93-DAC0-3780BC993352}.Debug|Any CPU.ActiveCfg = Debug|Any CPU
		{B5478957-F940-7A93-DAC0-3780BC993352}.Debug|Any CPU.Build.0 = Debug|Any CPU
		{B5478957-F940-7A93-DAC0-3780BC993352}.Release|Any CPU.ActiveCfg = Release|Any CPU
		{B5478957-F940-7A93-DAC0-3780BC993352}.Release|Any CPU.Build.0 = Release|Any CPU
		{F22BAFFC-1D9F-6650-EAF4-5B5EF21ECF05}.Debug|Any CPU.ActiveCfg = Debug|Any CPU
		{F22BAFFC-1D9F-6650-EAF4-5B5EF21ECF05}.Debug|Any CPU.Build.0 = Debug|Any CPU
		{F22BAFFC-1D9F-6650-EAF4-5B5EF21ECF05}.Release|Any CPU.ActiveCfg = Release|Any CPU
		{F22BAFFC-1D9F-6650-EAF4-5B5EF21ECF05}.Release|Any CPU.Build.0 = Release|Any CPU
		{30681897-BDBC-D782-D18F-169333057DC0}.Debug|Any CPU.ActiveCfg = Debug|Any CPU
		{30681897-BDBC-D782-D18F-169333057DC0}.Debug|Any CPU.Build.0 = Debug|Any CPU
		{30681897-BDBC-D782-D18F-169333057DC0}.Release|Any CPU.ActiveCfg = Release|Any CPU
		{30681897-BDBC-D782-D18F-169333057DC0}.Release|Any CPU.Build.0 = Release|Any CPU
		{34FA79C9-4CD6-3946-BA2B-A50949DCFD4A}.Debug|Any CPU.ActiveCfg = Debug|Any CPU
		{34FA79C9-4CD6-3946-BA2B-A50949DCFD4A}.Debug|Any CPU.Build.0 = Debug|Any CPU
		{34FA79C9-4CD6-3946-BA2B-A50949DCFD4A}.Release|Any CPU.ActiveCfg = Release|Any CPU
		{34FA79C9-4CD6-3946-BA2B-A50949DCFD4A}.Release|Any CPU.Build.0 = Release|Any CPU
		{587EDEE9-C17C-FBFC-925C-CC5BA8AFA62C}.Debug|Any CPU.ActiveCfg = Debug|Any CPU
		{587EDEE9-C17C-FBFC-925C-CC5BA8AFA62C}.Debug|Any CPU.Build.0 = Debug|Any CPU
		{587EDEE9-C17C-FBFC-925C-CC5BA8AFA62C}.Release|Any CPU.ActiveCfg = Release|Any CPU
		{587EDEE9-C17C-FBFC-925C-CC5BA8AFA62C}.Release|Any CPU.Build.0 = Release|Any CPU
		{46D1C98E-50AF-A9CF-2FBF-13453E44E67D}.Debug|Any CPU.ActiveCfg = Debug|Any CPU
		{46D1C98E-50AF-A9CF-2FBF-13453E44E67D}.Debug|Any CPU.Build.0 = Debug|Any CPU
		{46D1C98E-50AF-A9CF-2FBF-13453E44E67D}.Release|Any CPU.ActiveCfg = Release|Any CPU
		{46D1C98E-50AF-A9CF-2FBF-13453E44E67D}.Release|Any CPU.Build.0 = Release|Any CPU
		{679CA0D0-0603-96BF-0BAE-547FCFDD33AC}.Debug|Any CPU.ActiveCfg = Debug|Any CPU
		{679CA0D0-0603-96BF-0BAE-547FCFDD33AC}.Debug|Any CPU.Build.0 = Debug|Any CPU
		{679CA0D0-0603-96BF-0BAE-547FCFDD33AC}.Release|Any CPU.ActiveCfg = Release|Any CPU
		{679CA0D0-0603-96BF-0BAE-547FCFDD33AC}.Release|Any CPU.Build.0 = Release|Any CPU
		{F0772B70-2E15-3568-C2EF-71AB7F0EC735}.Debug|Any CPU.ActiveCfg = Debug|Any CPU
		{F0772B70-2E15-3568-C2EF-71AB7F0EC735}.Debug|Any CPU.Build.0 = Debug|Any CPU
		{F0772B70-2E15-3568-C2EF-71AB7F0EC735}.Release|Any CPU.ActiveCfg = Release|Any CPU
		{F0772B70-2E15-3568-C2EF-71AB7F0EC735}.Release|Any CPU.Build.0 = Release|Any CPU
		{62BAF29C-29BD-1499-D848-8CE99CF9B321}.Debug|Any CPU.ActiveCfg = Debug|Any CPU
		{62BAF29C-29BD-1499-D848-8CE99CF9B321}.Debug|Any CPU.Build.0 = Debug|Any CPU
		{62BAF29C-29BD-1499-D848-8CE99CF9B321}.Release|Any CPU.ActiveCfg = Release|Any CPU
		{62BAF29C-29BD-1499-D848-8CE99CF9B321}.Release|Any CPU.Build.0 = Release|Any CPU
		{09C68190-D95A-0D30-92EB-3ACA9C369E9A}.Debug|Any CPU.ActiveCfg = Debug|Any CPU
		{09C68190-D95A-0D30-92EB-3ACA9C369E9A}.Debug|Any CPU.Build.0 = Debug|Any CPU
		{09C68190-D95A-0D30-92EB-3ACA9C369E9A}.Release|Any CPU.ActiveCfg = Release|Any CPU
		{09C68190-D95A-0D30-92EB-3ACA9C369E9A}.Release|Any CPU.Build.0 = Release|Any CPU
		{106701A1-8952-8E56-C897-C53EF0C4922B}.Debug|Any CPU.ActiveCfg = Debug|Any CPU
		{106701A1-8952-8E56-C897-C53EF0C4922B}.Debug|Any CPU.Build.0 = Debug|Any CPU
		{106701A1-8952-8E56-C897-C53EF0C4922B}.Release|Any CPU.ActiveCfg = Release|Any CPU
		{106701A1-8952-8E56-C897-C53EF0C4922B}.Release|Any CPU.Build.0 = Release|Any CPU
		{5A3DAB79-5C9F-841B-50F2-75990EB20CB1}.Debug|Any CPU.ActiveCfg = Debug|Any CPU
		{5A3DAB79-5C9F-841B-50F2-75990EB20CB1}.Debug|Any CPU.Build.0 = Debug|Any CPU
		{5A3DAB79-5C9F-841B-50F2-75990EB20CB1}.Release|Any CPU.ActiveCfg = Release|Any CPU
		{5A3DAB79-5C9F-841B-50F2-75990EB20CB1}.Release|Any CPU.Build.0 = Release|Any CPU
		{3A806A18-E6E7-4C1C-B7AD-7E05CD976EA7}.Debug|Any CPU.ActiveCfg = Debug|Any CPU
		{3A806A18-E6E7-4C1C-B7AD-7E05CD976EA7}.Debug|Any CPU.Build.0 = Debug|Any CPU
		{3A806A18-E6E7-4C1C-B7AD-7E05CD976EA7}.Release|Any CPU.ActiveCfg = Release|Any CPU
		{3A806A18-E6E7-4C1C-B7AD-7E05CD976EA7}.Release|Any CPU.Build.0 = Release|Any CPU
		{ECE6374C-23F0-3933-E28E-C5CB375CEC13}.Debug|Any CPU.ActiveCfg = Debug|Any CPU
		{ECE6374C-23F0-3933-E28E-C5CB375CEC13}.Debug|Any CPU.Build.0 = Debug|Any CPU
		{ECE6374C-23F0-3933-E28E-C5CB375CEC13}.Release|Any CPU.ActiveCfg = Release|Any CPU
		{ECE6374C-23F0-3933-E28E-C5CB375CEC13}.Release|Any CPU.Build.0 = Release|Any CPU
		{6B38D5D2-D7FB-CB41-B2CD-1BFED756534E}.Debug|Any CPU.ActiveCfg = Debug|Any CPU
		{6B38D5D2-D7FB-CB41-B2CD-1BFED756534E}.Debug|Any CPU.Build.0 = Debug|Any CPU
		{6B38D5D2-D7FB-CB41-B2CD-1BFED756534E}.Release|Any CPU.ActiveCfg = Release|Any CPU
		{6B38D5D2-D7FB-CB41-B2CD-1BFED756534E}.Release|Any CPU.Build.0 = Release|Any CPU
		{0FF209F5-97AD-6B04-D478-24900B4A577F}.Debug|Any CPU.ActiveCfg = Debug|Any CPU
		{0FF209F5-97AD-6B04-D478-24900B4A577F}.Debug|Any CPU.Build.0 = Debug|Any CPU
		{0FF209F5-97AD-6B04-D478-24900B4A577F}.Release|Any CPU.ActiveCfg = Release|Any CPU
		{0FF209F5-97AD-6B04-D478-24900B4A577F}.Release|Any CPU.Build.0 = Release|Any CPU
	EndGlobalSection
	GlobalSection(SolutionProperties) = preSolution
		HideSolutionNode = FALSE
	EndGlobalSection
	GlobalSection(SolutionProperties) = preSolution
		HideSolutionNode = FALSE
	EndGlobalSection
EndGlobal
